// !$*UTF8*$!
{
	archiveVersion = 1;
	classes = {
	};
	objectVersion = 46;
	objects = {

/* Begin PBXBuildFile section */
		BD64CC0B1A813A920074F6D3 /* AppDelegate.swift in Sources */ = {isa = PBXBuildFile; fileRef = BD64CC0A1A813A920074F6D3 /* AppDelegate.swift */; };
		BD64CC0D1A813A920074F6D3 /* ViewController.swift in Sources */ = {isa = PBXBuildFile; fileRef = BD64CC0C1A813A920074F6D3 /* ViewController.swift */; };
		BD64CC101A813A920074F6D3 /* Main.storyboard in Resources */ = {isa = PBXBuildFile; fileRef = BD64CC0E1A813A920074F6D3 /* Main.storyboard */; };
		BD64CC121A813A920074F6D3 /* Images.xcassets in Resources */ = {isa = PBXBuildFile; fileRef = BD64CC111A813A920074F6D3 /* Images.xcassets */; };
		BD64CC151A813A920074F6D3 /* LaunchScreen.xib in Resources */ = {isa = PBXBuildFile; fileRef = BD64CC131A813A920074F6D3 /* LaunchScreen.xib */; };
		BD64CC211A813A920074F6D3 /* calculatorTests.swift in Sources */ = {isa = PBXBuildFile; fileRef = BD64CC201A813A920074F6D3 /* calculatorTests.swift */; };
/* End PBXBuildFile section */

/* Begin PBXContainerItemProxy section */
		BD64CC1B1A813A920074F6D3 /* PBXContainerItemProxy */ = {
			isa = PBXContainerItemProxy;
			containerPortal = BD64CBFD1A813A920074F6D3 /* Project object */;
			proxyType = 1;
			remoteGlobalIDString = BD64CC041A813A920074F6D3;
			remoteInfo = calculator;
		};
/* End PBXContainerItemProxy section */

/* Begin PBXFileReference section */
		BD64CC051A813A920074F6D3 /* calculator.app */ = {isa = PBXFileReference; explicitFileType = wrapper.application; includeInIndex = 0; path = calculator.app; sourceTree = BUILT_PRODUCTS_DIR; };
		BD64CC091A813A920074F6D3 /* Info.plist */ = {isa = PBXFileReference; lastKnownFileType = text.plist.xml; path = Info.plist; sourceTree = "<group>"; };
		BD64CC0A1A813A920074F6D3 /* AppDelegate.swift */ = {isa = PBXFileReference; lastKnownFileType = sourcecode.swift; path = AppDelegate.swift; sourceTree = "<group>"; };
		BD64CC0C1A813A920074F6D3 /* ViewController.swift */ = {isa = PBXFileReference; lastKnownFileType = sourcecode.swift; path = ViewController.swift; sourceTree = "<group>"; };
		BD64CC0F1A813A920074F6D3 /* Base */ = {isa = PBXFileReference; lastKnownFileType = file.storyboard; name = Base; path = Base.lproj/Main.storyboard; sourceTree = "<group>"; };
		BD64CC111A813A920074F6D3 /* Images.xcassets */ = {isa = PBXFileReference; lastKnownFileType = folder.assetcatalog; path = Images.xcassets; sourceTree = "<group>"; };
		BD64CC141A813A920074F6D3 /* Base */ = {isa = PBXFileReference; lastKnownFileType = file.xib; name = Base; path = Base.lproj/LaunchScreen.xib; sourceTree = "<group>"; };
		BD64CC1A1A813A920074F6D3 /* calculatorTests.xctest */ = {isa = PBXFileReference; explicitFileType = wrapper.cfbundle; includeInIndex = 0; path = calculatorTests.xctest; sourceTree = BUILT_PRODUCTS_DIR; };
		BD64CC1F1A813A920074F6D3 /* Info.plist */ = {isa = PBXFileReference; lastKnownFileType = text.plist.xml; path = Info.plist; sourceTree = "<group>"; };
		BD64CC201A813A920074F6D3 /* calculatorTests.swift */ = {isa = PBXFileReference; lastKnownFileType = sourcecode.swift; path = calculatorTests.swift; sourceTree = "<group>"; };
/* End PBXFileReference section */

/* Begin PBXFrameworksBuildPhase section */
		BD64CC021A813A920074F6D3 /* Frameworks */ = {
			isa = PBXFrameworksBuildPhase;
			buildActionMask = 2147483647;
			files = (
			);
			runOnlyForDeploymentPostprocessing = 0;
		};
		BD64CC171A813A920074F6D3 /* Frameworks */ = {
			isa = PBXFrameworksBuildPhase;
			buildActionMask = 2147483647;
			files = (
			);
			runOnlyForDeploymentPostprocessing = 0;
		};
/* End PBXFrameworksBuildPhase section */

/* Begin PBXGroup section */
		BD64CBFC1A813A920074F6D3 = {
			isa = PBXGroup;
			children = (
				BD64CC071A813A920074F6D3 /* calculator */,
				BD64CC1D1A813A920074F6D3 /* calculatorTests */,
				BD64CC061A813A920074F6D3 /* Products */,
			);
			sourceTree = "<group>";
		};
		BD64CC061A813A920074F6D3 /* Products */ = {
			isa = PBXGroup;
			children = (
				BD64CC051A813A920074F6D3 /* calculator.app */,
				BD64CC1A1A813A920074F6D3 /* calculatorTests.xctest */,
			);
			name = Products;
			sourceTree = "<group>";
		};
		BD64CC071A813A920074F6D3 /* calculator */ = {
			isa = PBXGroup;
			children = (
				BD64CC0C1A813A920074F6D3 /* ViewController.swift */,
				BD64CC0E1A813A920074F6D3 /* Main.storyboard */,
				BD64CC081A813A920074F6D3 /* Supporting Files */,
			);
			path = calculator;
			sourceTree = "<group>";
		};
		BD64CC081A813A920074F6D3 /* Supporting Files */ = {
			isa = PBXGroup;
			children = (
				BD64CC0A1A813A920074F6D3 /* AppDelegate.swift */,
				BD64CC111A813A920074F6D3 /* Images.xcassets */,
				BD64CC131A813A920074F6D3 /* LaunchScreen.xib */,
				BD64CC091A813A920074F6D3 /* Info.plist */,
			);
			name = "Supporting Files";
			sourceTree = "<group>";
		};
		BD64CC1D1A813A920074F6D3 /* calculatorTests */ = {
			isa = PBXGroup;
			children = (
				BD64CC201A813A920074F6D3 /* calculatorTests.swift */,
				BD64CC1E1A813A920074F6D3 /* Supporting Files */,
			);
			path = calculatorTests;
			sourceTree = "<group>";
		};
		BD64CC1E1A813A920074F6D3 /* Supporting Files */ = {
			isa = PBXGroup;
			children = (
				BD64CC1F1A813A920074F6D3 /* Info.plist */,
			);
			name = "Supporting Files";
			sourceTree = "<group>";
		};
/* End PBXGroup section */

/* Begin PBXNativeTarget section */
		BD64CC041A813A920074F6D3 /* calculator */ = {
			isa = PBXNativeTarget;
			buildConfigurationList = BD64CC241A813A920074F6D3 /* Build configuration list for PBXNativeTarget "calculator" */;
			buildPhases = (
				BD64CC011A813A920074F6D3 /* Sources */,
				BD64CC021A813A920074F6D3 /* Frameworks */,
				BD64CC031A813A920074F6D3 /* Resources */,
			);
			buildRules = (
			);
			dependencies = (
			);
			name = calculator;
			productName = calculator;
			productReference = BD64CC051A813A920074F6D3 /* calculator.app */;
			productType = "com.apple.product-type.application";
		};
		BD64CC191A813A920074F6D3 /* calculatorTests */ = {
			isa = PBXNativeTarget;
			buildConfigurationList = BD64CC271A813A920074F6D3 /* Build configuration list for PBXNativeTarget "calculatorTests" */;
			buildPhases = (
				BD64CC161A813A920074F6D3 /* Sources */,
				BD64CC171A813A920074F6D3 /* Frameworks */,
				BD64CC181A813A920074F6D3 /* Resources */,
			);
			buildRules = (
			);
			dependencies = (
				BD64CC1C1A813A920074F6D3 /* PBXTargetDependency */,
			);
			name = calculatorTests;
			productName = calculatorTests;
			productReference = BD64CC1A1A813A920074F6D3 /* calculatorTests.xctest */;
			productType = "com.apple.product-type.bundle.unit-test";
		};
/* End PBXNativeTarget section */

/* Begin PBXProject section */
		BD64CBFD1A813A920074F6D3 /* Project object */ = {
			isa = PBXProject;
			attributes = {
				LastUpgradeCheck = 0610;
				ORGANIZATIONNAME = "王利祥";
				TargetAttributes = {
					BD64CC041A813A920074F6D3 = {
						CreatedOnToolsVersion = 6.1.1;
					};
					BD64CC191A813A920074F6D3 = {
						CreatedOnToolsVersion = 6.1.1;
						TestTargetID = BD64CC041A813A920074F6D3;
					};
				};
			};
			buildConfigurationList = BD64CC001A813A920074F6D3 /* Build configuration list for PBXProject "calculator" */;
			compatibilityVersion = "Xcode 3.2";
			developmentRegion = English;
			hasScannedForEncodings = 0;
			knownRegions = (
				en,
				Base,
			);
			mainGroup = BD64CBFC1A813A920074F6D3;
			productRefGroup = BD64CC061A813A920074F6D3 /* Products */;
			projectDirPath = "";
			projectRoot = "";
			targets = (
				BD64CC041A813A920074F6D3 /* calculator */,
				BD64CC191A813A920074F6D3 /* calculatorTests */,
			);
		};
/* End PBXProject section */

/* Begin PBXResourcesBuildPhase section */
		BD64CC031A813A920074F6D3 /* Resources */ = {
			isa = PBXResourcesBuildPhase;
			buildActionMask = 2147483647;
			files = (
				BD64CC101A813A920074F6D3 /* Main.storyboard in Resources */,
				BD64CC151A813A920074F6D3 /* LaunchScreen.xib in Resources */,
				BD64CC121A813A920074F6D3 /* Images.xcassets in Resources */,
			);
			runOnlyForDeploymentPostprocessing = 0;
		};
		BD64CC181A813A920074F6D3 /* Resources */ = {
			isa = PBXResourcesBuildPhase;
			buildActionMask = 2147483647;
			files = (
			);
			runOnlyForDeploymentPostprocessing = 0;
		};
/* End PBXResourcesBuildPhase section */

/* Begin PBXSourcesBuildPhase section */
		BD64CC011A813A920074F6D3 /* Sources */ = {
			isa = PBXSourcesBuildPhase;
			buildActionMask = 2147483647;
			files = (
				BD64CC0D1A813A920074F6D3 /* ViewController.swift in Sources */,
				BD64CC0B1A813A920074F6D3 /* AppDelegate.swift in Sources */,
			);
			runOnlyForDeploymentPostprocessing = 0;
		};
		BD64CC161A813A920074F6D3 /* Sources */ = {
			isa = PBXSourcesBuildPhase;
			buildActionMask = 2147483647;
			files = (
				BD64CC211A813A920074F6D3 /* calculatorTests.swift in Sources */,
			);
			runOnlyForDeploymentPostprocessing = 0;
		};
/* End PBXSourcesBuildPhase section */

/* Begin PBXTargetDependency section */
		BD64CC1C1A813A920074F6D3 /* PBXTargetDependency */ = {
			isa = PBXTargetDependency;
			target = BD64CC041A813A920074F6D3 /* calculator */;
			targetProxy = BD64CC1B1A813A920074F6D3 /* PBXContainerItemProxy */;
		};
/* End PBXTargetDependency section */

/* Begin PBXVariantGroup section */
		BD64CC0E1A813A920074F6D3 /* Main.storyboard */ = {
			isa = PBXVariantGroup;
			children = (
				BD64CC0F1A813A920074F6D3 /* Base */,
			);
			name = Main.storyboard;
			sourceTree = "<group>";
		};
		BD64CC131A813A920074F6D3 /* LaunchScreen.xib */ = {
			isa = PBXVariantGroup;
			children = (
				BD64CC141A813A920074F6D3 /* Base */,
			);
			name = LaunchScreen.xib;
			sourceTree = "<group>";
		};
/* End PBXVariantGroup section */

/* Begin XCBuildConfiguration section */
		BD64CC221A813A920074F6D3 /* Debug */ = {
			isa = XCBuildConfiguration;
			buildSettings = {
				ALWAYS_SEARCH_USER_PATHS = NO;
				CLANG_CXX_LANGUAGE_STANDARD = "gnu++0x";
				CLANG_CXX_LIBRARY = "libc++";
				CLANG_ENABLE_MODULES = YES;
				CLANG_ENABLE_OBJC_ARC = YES;
				CLANG_WARN_BOOL_CONVERSION = YES;
				CLANG_WARN_CONSTANT_CONVERSION = YES;
				CLANG_WARN_DIRECT_OBJC_ISA_USAGE = YES_ERROR;
				CLANG_WARN_EMPTY_BODY = YES;
				CLANG_WARN_ENUM_CONVERSION = YES;
				CLANG_WARN_INT_CONVERSION = YES;
				CLANG_WARN_OBJC_ROOT_CLASS = YES_ERROR;
				CLANG_WARN_UNREACHABLE_CODE = YES;
				CLANG_WARN__DUPLICATE_METHOD_MATCH = YES;
				"CODE_SIGN_IDENTITY[sdk=iphoneos*]" = "iPhone Developer";
				COPY_PHASE_STRIP = NO;
				ENABLE_STRICT_OBJC_MSGSEND = YES;
				GCC_C_LANGUAGE_STANDARD = gnu99;
				GCC_DYNAMIC_NO_PIC = NO;
				GCC_OPTIMIZATION_LEVEL = 0;
				GCC_PREPROCESSOR_DEFINITIONS = (
					"DEBUG=1",
					"$(inherited)",
				);
				GCC_SYMBOLS_PRIVATE_EXTERN = NO;
				GCC_WARN_64_TO_32_BIT_CONVERSION = YES;
				GCC_WARN_ABOUT_RETURN_TYPE = YES_ERROR;
				GCC_WARN_UNDECLARED_SELECTOR = YES;
				GCC_WARN_UNINITIALIZED_AUTOS = YES_AGGRESSIVE;
				GCC_WARN_UNUSED_FUNCTION = YES;
				GCC_WARN_UNUSED_VARIABLE = YES;
				IPHONEOS_DEPLOYMENT_TARGET = 8.1;
				MTL_ENABLE_DEBUG_INFO = YES;
				ONLY_ACTIVE_ARCH = YES;
				SDKROOT = iphoneos;
				SWIFT_OPTIMIZATION_LEVEL = "-Onone";
				TARGETED_DEVICE_FAMILY = "1,2";
			};
			name = Debug;
		};
		BD64CC231A813A920074F6D3 /* Release */ = {
			isa = XCBuildConfiguration;
			buildSettings = {
				ALWAYS_SEARCH_USER_PATHS = NO;
				CLANG_CXX_LANGUAGE_STANDARD = "gnu++0x";
				CLANG_CXX_LIBRARY = "libc++";
				CLANG_ENABLE_MODULES = YES;
				CLANG_ENABLE_OBJC_ARC = YES;
				CLANG_WARN_BOOL_CONVERSION = YES;
				CLANG_WARN_CONSTANT_CONVERSION = YES;
				CLANG_WARN_DIRECT_OBJC_ISA_USAGE = YES_ERROR;
				CLANG_WARN_EMPTY_BODY = YES;
				CLANG_WARN_ENUM_CONVERSION = YES;
				CLANG_WARN_INT_CONVERSION = YES;
				CLANG_WARN_OBJC_ROOT_CLASS = YES_ERROR;
				CLANG_WARN_UNREACHABLE_CODE = YES;
				CLANG_WARN__DUPLICATE_METHOD_MATCH = YES;
				"CODE_SIGN_IDENTITY[sdk=iphoneos*]" = "iPhone Developer";
				COPY_PHASE_STRIP = YES;
				ENABLE_NS_ASSERTIONS = NO;
				ENABLE_STRICT_OBJC_MSGSEND = YES;
				GCC_C_LANGUAGE_STANDARD = gnu99;
				GCC_WARN_64_TO_32_BIT_CONVERSION = YES;
				GCC_WARN_ABOUT_RETURN_TYPE = YES_ERROR;
				GCC_WARN_UNDECLARED_SELECTOR = YES;
				GCC_WARN_UNINITIALIZED_AUTOS = YES_AGGRESSIVE;
				GCC_WARN_UNUSED_FUNCTION = YES;
				GCC_WARN_UNUSED_VARIABLE = YES;
				IPHONEOS_DEPLOYMENT_TARGET = 8.1;
				MTL_ENABLE_DEBUG_INFO = NO;
				SDKROOT = iphoneos;
				TARGETED_DEVICE_FAMILY = "1,2";
				VALIDATE_PRODUCT = YES;
			};
			name = Release;
		};
		BD64CC251A813A920074F6D3 /* Debug */ = {
			isa = XCBuildConfiguration;
			buildSettings = {
				ASSETCATALOG_COMPILER_APPICON_NAME = AppIcon;
				INFOPLIST_FILE = calculator/Info.plist;
				LD_RUNPATH_SEARCH_PATHS = "$(inherited) @executable_path/Frameworks";
				PRODUCT_NAME = "$(TARGET_NAME)";
			};
			name = Debug;
		};
		BD64CC261A813A920074F6D3 /* Release */ = {
			isa = XCBuildConfiguration;
			buildSettings = {
				ASSETCATALOG_COMPILER_APPICON_NAME = AppIcon;
				INFOPLIST_FILE = calculator/Info.plist;
				LD_RUNPATH_SEARCH_PATHS = "$(inherited) @executable_path/Frameworks";
				PRODUCT_NAME = "$(TARGET_NAME)";
			};
			name = Release;
		};
		BD64CC281A813A920074F6D3 /* Debug */ = {
			isa = XCBuildConfiguration;
			buildSettings = {
				BUNDLE_LOADER = "$(TEST_HOST)";
				FRAMEWORK_SEARCH_PATHS = (
					"$(SDKROOT)/Developer/Library/Frameworks",
					"$(inherited)",
				);
				GCC_PREPROCESSOR_DEFINITIONS = (
					"DEBUG=1",
					"$(inherited)",
				);
				INFOPLIST_FILE = calculatorTests/Info.plist;
				LD_RUNPATH_SEARCH_PATHS = "$(inherited) @executable_path/Frameworks @loader_path/Frameworks";
				PRODUCT_NAME = "$(TARGET_NAME)";
				TEST_HOST = "$(BUILT_PRODUCTS_DIR)/calculator.app/calculator";
			};
			name = Debug;
		};
		BD64CC291A813A920074F6D3 /* Release */ = {
			isa = XCBuildConfiguration;
			buildSettings = {
				BUNDLE_LOADER = "$(TEST_HOST)";
				FRAMEWORK_SEARCH_PATHS = (
					"$(SDKROOT)/Developer/Library/Frameworks",
					"$(inherited)",
				);
				INFOPLIST_FILE = calculatorTests/Info.plist;
				LD_RUNPATH_SEARCH_PATHS = "$(inherited) @executable_path/Frameworks @loader_path/Frameworks";
				PRODUCT_NAME = "$(TARGET_NAME)";
				TEST_HOST = "$(BUILT_PRODUCTS_DIR)/calculator.app/calculator";
			};
			name = Release;
		};
/* End XCBuildConfiguration section */

/* Begin XCConfigurationList section */
		BD64CC001A813A920074F6D3 /* Build configuration list for PBXProject "calculator" */ = {
			isa = XCConfigurationList;
			buildConfigurations = (
				BD64CC221A813A920074F6D3 /* Debug */,
				BD64CC231A813A920074F6D3 /* Release */,
			);
			defaultConfigurationIsVisible = 0;
			defaultConfigurationName = Release;
		};
		BD64CC241A813A920074F6D3 /* Build configuration list for PBXNativeTarget "calculator" */ = {
			isa = XCConfigurationList;
			buildConfigurations = (
				BD64CC251A813A920074F6D3 /* Debug */,
				BD64CC261A813A920074F6D3 /* Release */,
			);
			defaultConfigurationIsVisible = 0;
		};
		BD64CC271A813A920074F6D3 /* Build configuration list for PBXNativeTarget "calculatorTests" */ = {
			isa = XCConfigurationList;
			buildConfigurations = (
				BD64CC281A813A920074F6D3 /* Debug */,
				BD64CC291A813A920074F6D3 /* Release */,
			);
			defaultConfigurationIsVisible = 0;
		};
/* End XCConfigurationList section */
	};
	rootObject = BD64CBFD1A813A920074F6D3 /* Project object */;
}
